PODS:
  - Capacitor (5.6.0):
    - CapacitorCordova
  - CapacitorCordova (5.6.0)
  - CapacitorSplashScreen (5.0.6):
    - Capacitor
  - CordovaPlugins (5.6.0):
    - CapacitorCordova

DEPENDENCIES:
  - "Capacitor (from `../../node_modules/@capacitor/ios`)"
  - "CapacitorCordova (from `../../node_modules/@capacitor/ios`)"
  - "CapacitorSplashScreen (from `../../node_modules/@capacitor/splash-screen`)"
  - CordovaPlugins (from `../capacitor-cordova-ios-plugins`)

EXTERNAL SOURCES:
  Capacitor:
    :path: "../../node_modules/@capacitor/ios"
  CapacitorCordova:
    :path: "../../node_modules/@capacitor/ios"
  CapacitorSplashScreen:
    :path: "../../node_modules/@capacitor/splash-screen"
  CordovaPlugins:
    :path: "../capacitor-cordova-ios-plugins"

SPEC CHECKSUMS:
  Capacitor: ebfc16cdb8116d04c101686b080342872da42d43
  CapacitorCordova: 931b48fcdbc9bc985fc2f16cec9f77c794a27729
  CapacitorSplashScreen: 5fa2ab5e46cf5cc530cf16a51c80c7a986579ccd
  CordovaPlugins: bc499596a1ff4afefdb0c11ef74b40af954b54ba

PODFILE CHECKSUM: 5ea994a3ddeb23ed1022878e7d9fcadae4e6a54b

COCOAPODS: 1.13.0
